
Microsoft Visual Studio Solution File, Format Version 12.00
# Visual Studio Version 17
VisualStudioVersion = 17.0.32112.339
MinimumVisualStudioVersion = 10.0.40219.1
Project("{FAE04EC0-301F-11D3-BF4B-00C04F79EFBC}") = "LR", "LR\LR.csproj", "{1B631FDB-2D2B-41A5-80F4-9DC8D85ACBD8}"
EndProject
Project("{FAE04EC0-301F-11D3-BF4B-00C04F79EFBC}") = "MyLib", "MyLib\MyLib.csproj", "{94AF03DE-FA86-4629-BA4F-8D5DA827CE6F}"
EndProject
Global
	GlobalSection(SolutionConfigurationPlatforms) = preSolution
		Debug|Any CPU = Debug|Any CPU
		Release|Any CPU = Release|Any CPU
	EndGlobalSection
	GlobalSection(ProjectConfigurationPlatforms) = postSolution
		{1B631FDB-2D2B-41A5-80F4-9DC8D85ACBD8}.Debug|Any CPU.ActiveCfg = Debug|Any CPU
		{1B631FDB-2D2B-41A5-80F4-9DC8D85ACBD8}.Debug|Any CPU.Build.0 = Debug|Any CPU
		{1B631FDB-2D2B-41A5-80F4-9DC8D85ACBD8}.Release|Any CPU.ActiveCfg = Release|Any CPU
		{1B631FDB-2D2B-41A5-80F4-9DC8D85ACBD8}.Release|Any CPU.Build.0 = Release|Any CPU
		{94AF03DE-FA86-4629-BA4F-8D5DA827CE6F}.Debug|Any CPU.ActiveCfg = Debug|Any CPU
		{94AF03DE-FA86-4629-BA4F-8D5DA827CE6F}.Debug|Any CPU.Build.0 = Debug|Any CPU
		{94AF03DE-FA86-4629-BA4F-8D5DA827CE6F}.Release|Any CPU.ActiveCfg = Release|Any CPU
		{94AF03DE-FA86-4629-BA4F-8D5DA827CE6F}.Release|Any CPU.Build.0 = Release|Any CPU
	EndGlobalSection
	GlobalSection(SolutionProperties) = preSolution
		HideSolutionNode = FALSE
	EndGlobalSection
	GlobalSection(ExtensibilityGlobals) = postSolution
		SolutionGuid = {683D5C73-1870-484F-8386-3F619A3551B6}
	EndGlobalSection
EndGlobal
